<?xml version="1.0" encoding="utf-8"?>
<Project xmlns="http://schemas.microsoft.com/developer/msbuild/2003">
  <ItemGroup>
    <Filter Include="Form Files">
      <UniqueIdentifier>{99349809-55BA-4b9d-BF79-8FDBB0286EB3}</UniqueIdentifier>
      <Extensions>ui</Extensions>
      <ParseFiles>false</ParseFiles>
    </Filter>
    <Filter Include="Form Files">
      <UniqueIdentifier>{99349809-55BA-4b9d-BF79-8FDBB0286EB3}</UniqueIdentifier>
      <Extensions>ui</Extensions>
      <ParseFiles>false</ParseFiles>
    </Filter>
    <Filter Include="Generated Files">
      <UniqueIdentifier>{71ED8ED8-ACB9-4CE9-BBE1-E00B30144E11}</UniqueIdentifier>
      <Extensions>cpp;c;cxx;moc;h;def;odl;idl;res;</Extensions>
    </Filter>
    <Filter Include="Generated Files">
      <UniqueIdentifier>{71ED8ED8-ACB9-4CE9-BBE1-E00B30144E11}</UniqueIdentifier>
      <Extensions>cpp;c;cxx;moc;h;def;odl;idl;res;</Extensions>
    </Filter>
    <Filter Include="Header Files">
      <UniqueIdentifier>{93995380-89BD-4b04-88EB-625FBE52EBFB}</UniqueIdentifier>
      <Extensions>h;hpp;hxx;hm;inl;inc;xsd</Extensions>
    </Filter>
    <Filter Include="Header Files">
      <UniqueIdentifier>{93995380-89BD-4b04-88EB-625FBE52EBFB}</UniqueIdentifier>
      <Extensions>h;hpp;hxx;hm;inl;inc;xsd</Extensions>
    </Filter>
    <Filter Include="Resource Files">
      <UniqueIdentifier>{D9D6E242-F8AF-46E4-B9FD-80ECBC20BA3E}</UniqueIdentifier>
      <Extensions>qrc;*</Extensions>
      <ParseFiles>false</ParseFiles>
    </Filter>
    <Filter Include="Resource Files">
      <UniqueIdentifier>{D9D6E242-F8AF-46E4-B9FD-80ECBC20BA3E}</UniqueIdentifier>
      <Extensions>qrc;*</Extensions>
      <ParseFiles>false</ParseFiles>
    </Filter>
    <Filter Include="Source Files">
      <UniqueIdentifier>{4FC737F1-C7A5-4376-A066-2A32D752A2FF}</UniqueIdentifier>
      <Extensions>cpp;c;cxx;def;odl;idl;hpj;bat;asm;asmx</Extensions>
    </Filter>
    <Filter Include="Source Files">
      <UniqueIdentifier>{4FC737F1-C7A5-4376-A066-2A32D752A2FF}</UniqueIdentifier>
      <Extensions>cpp;c;cxx;def;odl;idl;hpj;bat;asm;asmx</Extensions>
    </Filter>
  </ItemGroup>
  <ItemGroup>
    <ClCompile Include="qMidi\QMidiFile.cpp">
      <Filter>Source Files</Filter>
    </ClCompile>
    <ClCompile Include="qMidi\QMidiIn.cpp">
      <Filter>Source Files</Filter>
    </ClCompile>
    <ClCompile Include="qMidi\QMidiOut.cpp">
      <Filter>Source Files</Filter>
    </ClCompile>
    <ClCompile Include="qMidi\OS\QMidi_Win32.cpp">
      <Filter>Source Files</Filter>
    </ClCompile>
    <ClCompile Include="main.cpp">
      <Filter>Source Files</Filter>
    </ClCompile>
    <ClCompile Include="mainwindow.cpp">
      <Filter>Source Files</Filter>
    </ClCompile>
    <ClCompile Include="Utils\noteshifter.cpp">
      <Filter>Source Files</Filter>
    </ClCompile>
  </ItemGroup>
  <ItemGroup>
    <ClInclude Include="define\NoteDef.h">
      <Filter>Header Files</Filter>
    </ClInclude>
    <ClInclude Include="qMidi\QMidiFile.h">
      <Filter>Header Files</Filter>
    </ClInclude>
    <QtMoc Include="qMidi\QMidiIn.h">
      <Filter>Header Files</Filter>
    </QtMoc>
    <ClInclude Include="qMidi\QMidiOut.h">
      <Filter>Header Files</Filter>
    </ClInclude>
    <QtMoc Include="mainwindow.h">
      <Filter>Header Files</Filter>
    </QtMoc>
    <ClInclude Include="Utils\noteshifter.h">
      <Filter>Header Files</Filter>
    </ClInclude>
  </ItemGroup>
  <ItemGroup>
    <CustomBuild Include="debug\moc_predefs.h.cbt">
      <Filter>Generated Files</Filter>
    </CustomBuild>
    <CustomBuild Include="release\moc_predefs.h.cbt">
      <Filter>Generated Files</Filter>
    </CustomBuild>
  </ItemGroup>
  <ItemGroup>
    <QtUic Include="mainwindow.ui">
      <Filter>Form Files</Filter>
    </QtUic>
  </ItemGroup>
  <ItemGroup>
    <None Include="res\NotePic\++1.jpg">
      <Filter>Resource Files</Filter>
    </None>
    <None Include="res\NotePic\++2.jpg">
      <Filter>Resource Files</Filter>
    </None>
    <None Include="res\NotePic\++3.jpg">
      <Filter>Resource Files</Filter>
    </None>
    <None Include="res\NotePic\+1.jpg">
      <Filter>Resource Files</Filter>
    </None>
    <None Include="res\NotePic\+2.jpg">
      <Filter>Resource Files</Filter>
    </None>
    <None Include="res\NotePic\+3.jpg">
      <Filter>Resource Files</Filter>
    </None>
    <None Include="res\NotePic\+4.jpg">
      <Filter>Resource Files</Filter>
    </None>
    <None Include="res\NotePic\+5.jpg">
      <Filter>Resource Files</Filter>
    </None>
    <None Include="res\NotePic\+6.jpg">
      <Filter>Resource Files</Filter>
    </None>
    <None Include="res\NotePic\+7.jpg">
      <Filter>Resource Files</Filter>
    </None>
    <None Include="res\NotePic\-4.jpg">
      <Filter>Resource Files</Filter>
    </None>
    <None Include="res\NotePic\-5.jpg">
      <Filter>Resource Files</Filter>
    </None>
    <None Include="res\NotePic\-6.jpg">
      <Filter>Resource Files</Filter>
    </None>
    <None Include="res\NotePic\-7.jpg">
      <Filter>Resource Files</Filter>
    </None>
    <None Include="res\NotePic\1.jpg">
      <Filter>Resource Files</Filter>
    </None>
    <None Include="res\NotePic\2.jpg">
      <Filter>Resource Files</Filter>
    </None>
    <None Include="res\NotePic\3.jpg">
      <Filter>Resource Files</Filter>
    </None>
    <None Include="res\NotePic\4.jpg">
      <Filter>Resource Files</Filter>
    </None>
    <None Include="res\NotePic\5.jpg">
      <Filter>Resource Files</Filter>
    </None>
    <None Include="res\NotePic\6.jpg">
      <Filter>Resource Files</Filter>
    </None>
    <None Include="res\NotePic\7.jpg">
      <Filter>Resource Files</Filter>
    </None>
    <None Include="res\voice\A2.wav">
      <Filter>Resource Files</Filter>
    </None>
    <None Include="res\voice\A3.wav">
      <Filter>Resource Files</Filter>
    </None>
    <None Include="res\voice\A4.wav">
      <Filter>Resource Files</Filter>
    </None>
    <None Include="res\voice\A5.wav">
      <Filter>Resource Files</Filter>
    </None>
    <None Include="res\voice\A6.wav">
      <Filter>Resource Files</Filter>
    </None>
    <None Include="res\voice\B2.wav">
      <Filter>Resource Files</Filter>
    </None>
    <None Include="res\voice\B3.wav">
      <Filter>Resource Files</Filter>
    </None>
    <None Include="res\voice\B4.wav">
      <Filter>Resource Files</Filter>
    </None>
    <None Include="res\voice\B5.wav">
      <Filter>Resource Files</Filter>
    </None>
    <None Include="res\voice\B6.wav">
      <Filter>Resource Files</Filter>
    </None>
    <None Include="res\voice\C2.wav">
      <Filter>Resource Files</Filter>
    </None>
    <None Include="res\voice\C3.wav">
      <Filter>Resource Files</Filter>
    </None>
    <None Include="res\voice\C4.wav">
      <Filter>Resource Files</Filter>
    </None>
    <None Include="res\voice\C5.wav">
      <Filter>Resource Files</Filter>
    </None>
    <None Include="res\voice\C6.wav">
      <Filter>Resource Files</Filter>
    </None>
    <None Include="res\voice\D2.wav">
      <Filter>Resource Files</Filter>
    </None>
    <None Include="res\voice\D3.wav">
      <Filter>Resource Files</Filter>
    </None>
    <None Include="res\voice\D4.wav">
      <Filter>Resource Files</Filter>
    </None>
    <None Include="res\voice\D5.wav">
      <Filter>Resource Files</Filter>
    </None>
    <None Include="res\voice\D6.wav">
      <Filter>Resource Files</Filter>
    </None>
    <None Include="res\voice\E2.wav">
      <Filter>Resource Files</Filter>
    </None>
    <None Include="res\voice\E3.wav">
      <Filter>Resource Files</Filter>
    </None>
    <None Include="res\voice\E4.wav">
      <Filter>Resource Files</Filter>
    </None>
    <None Include="res\voice\E5.wav">
      <Filter>Resource Files</Filter>
    </None>
    <None Include="res\voice\E6.wav">
      <Filter>Resource Files</Filter>
    </None>
    <None Include="res\voice\F2.wav">
      <Filter>Resource Files</Filter>
    </None>
    <None Include="res\voice\F3.wav">
      <Filter>Resource Files</Filter>
    </None>
    <None Include="res\voice\F4.wav">
      <Filter>Resource Files</Filter>
    </None>
    <None Include="res\voice\F5.wav">
      <Filter>Resource Files</Filter>
    </None>
    <None Include="res\voice\F6.wav">
      <Filter>Resource Files</Filter>
    </None>
    <None Include="res\voice\G2.wav">
      <Filter>Resource Files</Filter>
    </None>
    <None Include="res\voice\G3.wav">
      <Filter>Resource Files</Filter>
    </None>
    <None Include="res\voice\G4.wav">
      <Filter>Resource Files</Filter>
    </None>
    <None Include="res\voice\G5.wav">
      <Filter>Resource Files</Filter>
    </None>
    <None Include="res\voice\G6.wav">
      <Filter>Resource Files</Filter>
    </None>
    <QtRcc Include="MusicNote.qrc">
      <Filter>Resource Files</Filter>
    </QtRcc>
    <None Include="res\voice\Voice.qrc">
      <Filter>Resource Files</Filter>
    </None>
    <None Include="res\TunePic\tune_A.jpg">
      <Filter>Resource Files</Filter>
    </None>
    <None Include="res\TunePic\tune_Ab.jpg">
      <Filter>Resource Files</Filter>
    </None>
    <None Include="res\TunePic\tune_B.jpg">
      <Filter>Resource Files</Filter>
    </None>
    <None Include="res\TunePic\tune_Bb.jpg">
      <Filter>Resource Files</Filter>
    </None>
    <None Include="res\TunePic\tune_C#.jpg">
      <Filter>Resource Files</Filter>
    </None>
    <None Include="res\TunePic\tune_Cb.jpg">
      <Filter>Resource Files</Filter>
    </None>
    <None Include="res\TunePic\tune_D.jpg">
      <Filter>Resource Files</Filter>
    </None>
    <None Include="res\TunePic\tune_Db.jpg">
      <Filter>Resource Files</Filter>
    </None>
    <None Include="res\TunePic\tune_E.jpg">
      <Filter>Resource Files</Filter>
    </None>
    <None Include="res\TunePic\tune_Eb.jpg">
      <Filter>Resource Files</Filter>
    </None>
    <None Include="res\TunePic\tune_F#.jpg">
      <Filter>Resource Files</Filter>
    </None>
    <None Include="res\TunePic\tune_F.jpg">
      <Filter>Resource Files</Filter>
    </None>
    <None Include="res\TunePic\tune_G.jpg">
      <Filter>Resource Files</Filter>
    </None>
    <None Include="res\TunePic\tune_Gb.jpg">
      <Filter>Resource Files</Filter>
    </None>
  </ItemGroup>
</Project>